// !$*UTF8*$!
{
	archiveVersion = 1;
	classes = {
	};
	objectVersion = 55;
	objects = {

/* Begin PBXBuildFile section */
		B25F10FE280E6EFD00E301E3 /* VarStore.swift in Sources */ = {isa = PBXBuildFile; fileRef = B25F10FD280E6EFD00E301E3 /* VarStore.swift */; };
		B25F1101280EFADB00E301E3 /* Pesticides.swift in Sources */ = {isa = PBXBuildFile; fileRef = B25F1100280EFADB00E301E3 /* Pesticides.swift */; };
		B2DF12BA280E10F5004BD555 /* BLOOApp.swift in Sources */ = {isa = PBXBuildFile; fileRef = B2DF12B9280E10F5004BD555 /* BLOOApp.swift */; };
		B2DF12BC280E10F5004BD555 /* ContentView.swift in Sources */ = {isa = PBXBuildFile; fileRef = B2DF12BB280E10F5004BD555 /* ContentView.swift */; };
		B2DF12BE280E10F7004BD555 /* Assets.xcassets in Resources */ = {isa = PBXBuildFile; fileRef = B2DF12BD280E10F7004BD555 /* Assets.xcassets */; };
		B2DF12C1280E10F7004BD555 /* Preview Assets.xcassets in Resources */ = {isa = PBXBuildFile; fileRef = B2DF12C0280E10F7004BD555 /* Preview Assets.xcassets */; };
		B2DF12CB280E10F7004BD555 /* BLOOTests.swift in Sources */ = {isa = PBXBuildFile; fileRef = B2DF12CA280E10F7004BD555 /* BLOOTests.swift */; };
		B2DF12D5280E10F7004BD555 /* BLOOUITests.swift in Sources */ = {isa = PBXBuildFile; fileRef = B2DF12D4280E10F7004BD555 /* BLOOUITests.swift */; };
		B2DF12D7280E10F7004BD555 /* BLOOUITestsLaunchTests.swift in Sources */ = {isa = PBXBuildFile; fileRef = B2DF12D6280E10F7004BD555 /* BLOOUITestsLaunchTests.swift */; };
		B2DF12E4280E141B004BD555 /* BasicInfo.swift in Sources */ = {isa = PBXBuildFile; fileRef = B2DF12E3280E141B004BD555 /* BasicInfo.swift */; };
		B2DF12E6280E22AD004BD555 /* Costs.swift in Sources */ = {isa = PBXBuildFile; fileRef = B2DF12E5280E22AD004BD555 /* Costs.swift */; };
		B2DF12E8280E2512004BD555 /* Pests.swift in Sources */ = {isa = PBXBuildFile; fileRef = B2DF12E7280E2512004BD555 /* Pests.swift */; };
		B2DF12EA280E2F2B004BD555 /* Returns.swift in Sources */ = {isa = PBXBuildFile; fileRef = B2DF12E9280E2F2B004BD555 /* Returns.swift */; };
/* End PBXBuildFile section */

/* Begin PBXContainerItemProxy section */
		B2DF12C7280E10F7004BD555 /* PBXContainerItemProxy */ = {
			isa = PBXContainerItemProxy;
			containerPortal = B2DF12AE280E10F5004BD555 /* Project object */;
			proxyType = 1;
			remoteGlobalIDString = B2DF12B5280E10F5004BD555;
			remoteInfo = BLOO;
		};
		B2DF12D1280E10F7004BD555 /* PBXContainerItemProxy */ = {
			isa = PBXContainerItemProxy;
			containerPortal = B2DF12AE280E10F5004BD555 /* Project object */;
			proxyType = 1;
			remoteGlobalIDString = B2DF12B5280E10F5004BD555;
			remoteInfo = BLOO;
		};
/* End PBXContainerItemProxy section */

/* Begin PBXFileReference section */
		B25F10FD280E6EFD00E301E3 /* VarStore.swift */ = {isa = PBXFileReference; lastKnownFileType = sourcecode.swift; path = VarStore.swift; sourceTree = "<group>"; };
		B25F10FF280E89A500E301E3 /* Info.plist */ = {isa = PBXFileReference; lastKnownFileType = text.plist; path = Info.plist; sourceTree = "<group>"; };
		B25F1100280EFADB00E301E3 /* Pesticides.swift */ = {isa = PBXFileReference; lastKnownFileType = sourcecode.swift; path = Pesticides.swift; sourceTree = "<group>"; };
		B2DF12B6280E10F5004BD555 /* BLOO.app */ = {isa = PBXFileReference; explicitFileType = wrapper.application; includeInIndex = 0; path = BLOO.app; sourceTree = BUILT_PRODUCTS_DIR; };
		B2DF12B9280E10F5004BD555 /* BLOOApp.swift */ = {isa = PBXFileReference; lastKnownFileType = sourcecode.swift; path = BLOOApp.swift; sourceTree = "<group>"; };
		B2DF12BB280E10F5004BD555 /* ContentView.swift */ = {isa = PBXFileReference; lastKnownFileType = sourcecode.swift; path = ContentView.swift; sourceTree = "<group>"; };
		B2DF12BD280E10F7004BD555 /* Assets.xcassets */ = {isa = PBXFileReference; lastKnownFileType = folder.assetcatalog; path = Assets.xcassets; sourceTree = "<group>"; };
		B2DF12C0280E10F7004BD555 /* Preview Assets.xcassets */ = {isa = PBXFileReference; lastKnownFileType = folder.assetcatalog; path = "Preview Assets.xcassets"; sourceTree = "<group>"; };
		B2DF12C6280E10F7004BD555 /* BLOOTests.xctest */ = {isa = PBXFileReference; explicitFileType = wrapper.cfbundle; includeInIndex = 0; path = BLOOTests.xctest; sourceTree = BUILT_PRODUCTS_DIR; };
		B2DF12CA280E10F7004BD555 /* BLOOTests.swift */ = {isa = PBXFileReference; lastKnownFileType = sourcecode.swift; path = BLOOTests.swift; sourceTree = "<group>"; };
		B2DF12D0280E10F7004BD555 /* BLOOUITests.xctest */ = {isa = PBXFileReference; explicitFileType = wrapper.cfbundle; includeInIndex = 0; path = BLOOUITests.xctest; sourceTree = BUILT_PRODUCTS_DIR; };
		B2DF12D4280E10F7004BD555 /* BLOOUITests.swift */ = {isa = PBXFileReference; lastKnownFileType = sourcecode.swift; path = BLOOUITests.swift; sourceTree = "<group>"; };
		B2DF12D6280E10F7004BD555 /* BLOOUITestsLaunchTests.swift */ = {isa = PBXFileReference; lastKnownFileType = sourcecode.swift; path = BLOOUITestsLaunchTests.swift; sourceTree = "<group>"; };
		B2DF12E3280E141B004BD555 /* BasicInfo.swift */ = {isa = PBXFileReference; lastKnownFileType = sourcecode.swift; path = BasicInfo.swift; sourceTree = "<group>"; };
		B2DF12E5280E22AD004BD555 /* Costs.swift */ = {isa = PBXFileReference; lastKnownFileType = sourcecode.swift; path = Costs.swift; sourceTree = "<group>"; };
		B2DF12E7280E2512004BD555 /* Pests.swift */ = {isa = PBXFileReference; lastKnownFileType = sourcecode.swift; path = Pests.swift; sourceTree = "<group>"; };
		B2DF12E9280E2F2B004BD555 /* Returns.swift */ = {isa = PBXFileReference; lastKnownFileType = sourcecode.swift; path = Returns.swift; sourceTree = "<group>"; };
/* End PBXFileReference section */

/* Begin PBXFrameworksBuildPhase section */
		B2DF12B3280E10F5004BD555 /* Frameworks */ = {
			isa = PBXFrameworksBuildPhase;
			buildActionMask = 2147483647;
			files = (
			);
			runOnlyForDeploymentPostprocessing = 0;
		};
		B2DF12C3280E10F7004BD555 /* Frameworks */ = {
			isa = PBXFrameworksBuildPhase;
			buildActionMask = 2147483647;
			files = (
			);
			runOnlyForDeploymentPostprocessing = 0;
		};
		B2DF12CD280E10F7004BD555 /* Frameworks */ = {
			isa = PBXFrameworksBuildPhase;
			buildActionMask = 2147483647;
			files = (
			);
			runOnlyForDeploymentPostprocessing = 0;
		};
/* End PBXFrameworksBuildPhase section */

/* Begin PBXGroup section */
		B2DF12AD280E10F5004BD555 = {
			isa = PBXGroup;
			children = (
				B25F10FD280E6EFD00E301E3 /* VarStore.swift */,
				B2DF12B8280E10F5004BD555 /* BLOO */,
				B2DF12C9280E10F7004BD555 /* BLOOTests */,
				B2DF12D3280E10F7004BD555 /* BLOOUITests */,
				B2DF12B7280E10F5004BD555 /* Products */,
			);
			sourceTree = "<group>";
		};
		B2DF12B7280E10F5004BD555 /* Products */ = {
			isa = PBXGroup;
			children = (
				B2DF12B6280E10F5004BD555 /* BLOO.app */,
				B2DF12C6280E10F7004BD555 /* BLOOTests.xctest */,
				B2DF12D0280E10F7004BD555 /* BLOOUITests.xctest */,
			);
			name = Products;
			sourceTree = "<group>";
		};
		B2DF12B8280E10F5004BD555 /* BLOO */ = {
			isa = PBXGroup;
			children = (
				B25F10FF280E89A500E301E3 /* Info.plist */,
				B2DF12B9280E10F5004BD555 /* BLOOApp.swift */,
				B2DF12BB280E10F5004BD555 /* ContentView.swift */,
				B2DF12E3280E141B004BD555 /* BasicInfo.swift */,
				B2DF12E5280E22AD004BD555 /* Costs.swift */,
				B2DF12E7280E2512004BD555 /* Pests.swift */,
				B25F1100280EFADB00E301E3 /* Pesticides.swift */,
				B2DF12E9280E2F2B004BD555 /* Returns.swift */,
				B2DF12BD280E10F7004BD555 /* Assets.xcassets */,
				B2DF12BF280E10F7004BD555 /* Preview Content */,
			);
			path = BLOO;
			sourceTree = "<group>";
		};
		B2DF12BF280E10F7004BD555 /* Preview Content */ = {
			isa = PBXGroup;
			children = (
				B2DF12C0280E10F7004BD555 /* Preview Assets.xcassets */,
			);
			path = "Preview Content";
			sourceTree = "<group>";
		};
		B2DF12C9280E10F7004BD555 /* BLOOTests */ = {
			isa = PBXGroup;
			children = (
				B2DF12CA280E10F7004BD555 /* BLOOTests.swift */,
			);
			path = BLOOTests;
			sourceTree = "<group>";
		};
		B2DF12D3280E10F7004BD555 /* BLOOUITests */ = {
			isa = PBXGroup;
			children = (
				B2DF12D4280E10F7004BD555 /* BLOOUITests.swift */,
				B2DF12D6280E10F7004BD555 /* BLOOUITestsLaunchTests.swift */,
			);
			path = BLOOUITests;
			sourceTree = "<group>";
		};
/* End PBXGroup section */

/* Begin PBXNativeTarget section */
		B2DF12B5280E10F5004BD555 /* BLOO */ = {
			isa = PBXNativeTarget;
			buildConfigurationList = B2DF12DA280E10F7004BD555 /* Build configuration list for PBXNativeTarget "BLOO" */;
			buildPhases = (
				B2DF12B2280E10F5004BD555 /* Sources */,
				B2DF12B3280E10F5004BD555 /* Frameworks */,
				B2DF12B4280E10F5004BD555 /* Resources */,
			);
			buildRules = (
			);
			dependencies = (
			);
			name = BLOO;
			productName = BLOO;
			productReference = B2DF12B6280E10F5004BD555 /* BLOO.app */;
			productType = "com.apple.product-type.application";
		};
		B2DF12C5280E10F7004BD555 /* BLOOTests */ = {
			isa = PBXNativeTarget;
			buildConfigurationList = B2DF12DD280E10F7004BD555 /* Build configuration list for PBXNativeTarget "BLOOTests" */;
			buildPhases = (
				B2DF12C2280E10F7004BD555 /* Sources */,
				B2DF12C3280E10F7004BD555 /* Frameworks */,
				B2DF12C4280E10F7004BD555 /* Resources */,
			);
			buildRules = (
			);
			dependencies = (
				B2DF12C8280E10F7004BD555 /* PBXTargetDependency */,
			);
			name = BLOOTests;
			productName = BLOOTests;
			productReference = B2DF12C6280E10F7004BD555 /* BLOOTests.xctest */;
			productType = "com.apple.product-type.bundle.unit-test";
		};
		B2DF12CF280E10F7004BD555 /* BLOOUITests */ = {
			isa = PBXNativeTarget;
			buildConfigurationList = B2DF12E0280E10F7004BD555 /* Build configuration list for PBXNativeTarget "BLOOUITests" */;
			buildPhases = (
				B2DF12CC280E10F7004BD555 /* Sources */,
				B2DF12CD280E10F7004BD555 /* Frameworks */,
				B2DF12CE280E10F7004BD555 /* Resources */,
			);
			buildRules = (
			);
			dependencies = (
				B2DF12D2280E10F7004BD555 /* PBXTargetDependency */,
			);
			name = BLOOUITests;
			productName = BLOOUITests;
			productReference = B2DF12D0280E10F7004BD555 /* BLOOUITests.xctest */;
			productType = "com.apple.product-type.bundle.ui-testing";
		};
/* End PBXNativeTarget section */

/* Begin PBXProject section */
		B2DF12AE280E10F5004BD555 /* Project object */ = {
			isa = PBXProject;
			attributes = {
				BuildIndependentTargetsInParallel = 1;
				LastSwiftUpdateCheck = 1330;
				LastUpgradeCheck = 1330;
				TargetAttributes = {
					B2DF12B5280E10F5004BD555 = {
						CreatedOnToolsVersion = 13.3.1;
					};
					B2DF12C5280E10F7004BD555 = {
						CreatedOnToolsVersion = 13.3.1;
						TestTargetID = B2DF12B5280E10F5004BD555;
					};
					B2DF12CF280E10F7004BD555 = {
						CreatedOnToolsVersion = 13.3.1;
						TestTargetID = B2DF12B5280E10F5004BD555;
					};
				};
			};
			buildConfigurationList = B2DF12B1280E10F5004BD555 /* Build configuration list for PBXProject "BLOO" */;
			compatibilityVersion = "Xcode 13.0";
			developmentRegion = en;
			hasScannedForEncodings = 0;
			knownRegions = (
				en,
				Base,
			);
			mainGroup = B2DF12AD280E10F5004BD555;
			productRefGroup = B2DF12B7280E10F5004BD555 /* Products */;
			projectDirPath = "";
			projectRoot = "";
			targets = (
				B2DF12B5280E10F5004BD555 /* BLOO */,
				B2DF12C5280E10F7004BD555 /* BLOOTests */,
				B2DF12CF280E10F7004BD555 /* BLOOUITests */,
			);
		};
/* End PBXProject section */

/* Begin PBXResourcesBuildPhase section */
		B2DF12B4280E10F5004BD555 /* Resources */ = {
			isa = PBXResourcesBuildPhase;
			buildActionMask = 2147483647;
			files = (
				B2DF12C1280E10F7004BD555 /* Preview Assets.xcassets in Resources */,
				B2DF12BE280E10F7004BD555 /* Assets.xcassets in Resources */,
			);
			runOnlyForDeploymentPostprocessing = 0;
		};
		B2DF12C4280E10F7004BD555 /* Resources */ = {
			isa = PBXResourcesBuildPhase;
			buildActionMask = 2147483647;
			files = (
			);
			runOnlyForDeploymentPostprocessing = 0;
		};
		B2DF12CE280E10F7004BD555 /* Resources */ = {
			isa = PBXResourcesBuildPhase;
			buildActionMask = 2147483647;
			files = (
			);
			runOnlyForDeploymentPostprocessing = 0;
		};
/* End PBXResourcesBuildPhase section */

/* Begin PBXSourcesBuildPhase section */
		B2DF12B2280E10F5004BD555 /* Sources */ = {
			isa = PBXSourcesBuildPhase;
			buildActionMask = 2147483647;
			files = (
				B25F1101280EFADB00E301E3 /* Pesticides.swift in Sources */,
				B2DF12E4280E141B004BD555 /* BasicInfo.swift in Sources */,
				B25F10FE280E6EFD00E301E3 /* VarStore.swift in Sources */,
				B2DF12EA280E2F2B004BD555 /* Returns.swift in Sources */,
				B2DF12E8280E2512004BD555 /* Pests.swift in Sources */,
				B2DF12BC280E10F5004BD555 /* ContentView.swift in Sources */,
				B2DF12E6280E22AD004BD555 /* Costs.swift in Sources */,
				B2DF12BA280E10F5004BD555 /* BLOOApp.swift in Sources */,
			);
			runOnlyForDeploymentPostprocessing = 0;
		};
		B2DF12C2280E10F7004BD555 /* Sources */ = {
			isa = PBXSourcesBuildPhase;
			buildActionMask = 2147483647;
			files = (
				B2DF12CB280E10F7004BD555 /* BLOOTests.swift in Sources */,
			);
			runOnlyForDeploymentPostprocessing = 0;
		};
		B2DF12CC280E10F7004BD555 /* Sources */ = {
			isa = PBXSourcesBuildPhase;
			buildActionMask = 2147483647;
			files = (
				B2DF12D7280E10F7004BD555 /* BLOOUITestsLaunchTests.swift in Sources */,
				B2DF12D5280E10F7004BD555 /* BLOOUITests.swift in Sources */,
			);
			runOnlyForDeploymentPostprocessing = 0;
		};
/* End PBXSourcesBuildPhase section */

/* Begin PBXTargetDependency section */
		B2DF12C8280E10F7004BD555 /* PBXTargetDependency */ = {
			isa = PBXTargetDependency;
			target = B2DF12B5280E10F5004BD555 /* BLOO */;
			targetProxy = B2DF12C7280E10F7004BD555 /* PBXContainerItemProxy */;
		};
		B2DF12D2280E10F7004BD555 /* PBXTargetDependency */ = {
			isa = PBXTargetDependency;
			target = B2DF12B5280E10F5004BD555 /* BLOO */;
			targetProxy = B2DF12D1280E10F7004BD555 /* PBXContainerItemProxy */;
		};
/* End PBXTargetDependency section */

/* Begin XCBuildConfiguration section */
		B2DF12D8280E10F7004BD555 /* Debug */ = {
			isa = XCBuildConfiguration;
			buildSettings = {
				ALWAYS_SEARCH_USER_PATHS = NO;
				CLANG_ANALYZER_NONNULL = YES;
				CLANG_ANALYZER_NUMBER_OBJECT_CONVERSION = YES_AGGRESSIVE;
				CLANG_CXX_LANGUAGE_STANDARD = "gnu++17";
				CLANG_ENABLE_MODULES = YES;
				CLANG_ENABLE_OBJC_ARC = YES;
				CLANG_ENABLE_OBJC_WEAK = YES;
				CLANG_WARN_BLOCK_CAPTURE_AUTORELEASING = YES;
				CLANG_WARN_BOOL_CONVERSION = YES;
				CLANG_WARN_COMMA = YES;
				CLANG_WARN_CONSTANT_CONVERSION = YES;
				CLANG_WARN_DEPRECATED_OBJC_IMPLEMENTATIONS = YES;
				CLANG_WARN_DIRECT_OBJC_ISA_USAGE = YES_ERROR;
				CLANG_WARN_DOCUMENTATION_COMMENTS = YES;
				CLANG_WARN_EMPTY_BODY = YES;
				CLANG_WARN_ENUM_CONVERSION = YES;
				CLANG_WARN_INFINITE_RECURSION = YES;
				CLANG_WARN_INT_CONVERSION = YES;
				CLANG_WARN_NON_LITERAL_NULL_CONVERSION = YES;
				CLANG_WARN_OBJC_IMPLICIT_RETAIN_SELF = YES;
				CLANG_WARN_OBJC_LITERAL_CONVERSION = YES;
				CLANG_WARN_OBJC_ROOT_CLASS = YES_ERROR;
				CLANG_WARN_QUOTED_INCLUDE_IN_FRAMEWORK_HEADER = YES;
				CLANG_WARN_RANGE_LOOP_ANALYSIS = YES;
				CLANG_WARN_STRICT_PROTOTYPES = YES;
				CLANG_WARN_SUSPICIOUS_MOVE = YES;
				CLANG_WARN_UNGUARDED_AVAILABILITY = YES_AGGRESSIVE;
				CLANG_WARN_UNREACHABLE_CODE = YES;
				CLANG_WARN__DUPLICATE_METHOD_MATCH = YES;
				COPY_PHASE_STRIP = NO;
				DEBUG_INFORMATION_FORMAT = dwarf;
				ENABLE_STRICT_OBJC_MSGSEND = YES;
				ENABLE_TESTABILITY = YES;
				GCC_C_LANGUAGE_STANDARD = gnu11;
				GCC_DYNAMIC_NO_PIC = NO;
				GCC_NO_COMMON_BLOCKS = YES;
				GCC_OPTIMIZATION_LEVEL = 0;
				GCC_PREPROCESSOR_DEFINITIONS = (
					"DEBUG=1",
					"$(inherited)",
				);
				GCC_WARN_64_TO_32_BIT_CONVERSION = YES;
				GCC_WARN_ABOUT_RETURN_TYPE = YES_ERROR;
				GCC_WARN_UNDECLARED_SELECTOR = YES;
				GCC_WARN_UNINITIALIZED_AUTOS = YES_AGGRESSIVE;
				GCC_WARN_UNUSED_FUNCTION = YES;
				GCC_WARN_UNUSED_VARIABLE = YES;
				IPHONEOS_DEPLOYMENT_TARGET = 15.4;
				MTL_ENABLE_DEBUG_INFO = INCLUDE_SOURCE;
				MTL_FAST_MATH = YES;
				ONLY_ACTIVE_ARCH = YES;
				SDKROOT = iphoneos;
				SWIFT_ACTIVE_COMPILATION_CONDITIONS = DEBUG;
				SWIFT_OPTIMIZATION_LEVEL = "-Onone";
			};
			name = Debug;
		};
		B2DF12D9280E10F7004BD555 /* Release */ = {
			isa = XCBuildConfiguration;
			buildSettings = {
				ALWAYS_SEARCH_USER_PATHS = NO;
				CLANG_ANALYZER_NONNULL = YES;
				CLANG_ANALYZER_NUMBER_OBJECT_CONVERSION = YES_AGGRESSIVE;
				CLANG_CXX_LANGUAGE_STANDARD = "gnu++17";
				CLANG_ENABLE_MODULES = YES;
				CLANG_ENABLE_OBJC_ARC = YES;
				CLANG_ENABLE_OBJC_WEAK = YES;
				CLANG_WARN_BLOCK_CAPTURE_AUTORELEASING = YES;
				CLANG_WARN_BOOL_CONVERSION = YES;
				CLANG_WARN_COMMA = YES;
				CLANG_WARN_CONSTANT_CONVERSION = YES;
				CLANG_WARN_DEPRECATED_OBJC_IMPLEMENTATIONS = YES;
				CLANG_WARN_DIRECT_OBJC_ISA_USAGE = YES_ERROR;
				CLANG_WARN_DOCUMENTATION_COMMENTS = YES;
				CLANG_WARN_EMPTY_BODY = YES;
				CLANG_WARN_ENUM_CONVERSION = YES;
				CLANG_WARN_INFINITE_RECURSION = YES;
				CLANG_WARN_INT_CONVERSION = YES;
				CLANG_WARN_NON_LITERAL_NULL_CONVERSION = YES;
				CLANG_WARN_OBJC_IMPLICIT_RETAIN_SELF = YES;
				CLANG_WARN_OBJC_LITERAL_CONVERSION = YES;
				CLANG_WARN_OBJC_ROOT_CLASS = YES_ERROR;
				CLANG_WARN_QUOTED_INCLUDE_IN_FRAMEWORK_HEADER = YES;
				CLANG_WARN_RANGE_LOOP_ANALYSIS = YES;
				CLANG_WARN_STRICT_PROTOTYPES = YES;
				CLANG_WARN_SUSPICIOUS_MOVE = YES;
				CLANG_WARN_UNGUARDED_AVAILABILITY = YES_AGGRESSIVE;
				CLANG_WARN_UNREACHABLE_CODE = YES;
				CLANG_WARN__DUPLICATE_METHOD_MATCH = YES;
				COPY_PHASE_STRIP = NO;
				DEBUG_INFORMATION_FORMAT = "dwarf-with-dsym";
				ENABLE_NS_ASSERTIONS = NO;
				ENABLE_STRICT_OBJC_MSGSEND = YES;
				GCC_C_LANGUAGE_STANDARD = gnu11;
				GCC_NO_COMMON_BLOCKS = YES;
				GCC_WARN_64_TO_32_BIT_CONVERSION = YES;
				GCC_WARN_ABOUT_RETURN_TYPE = YES_ERROR;
				GCC_WARN_UNDECLARED_SELECTOR = YES;
				GCC_WARN_UNINITIALIZED_AUTOS = YES_AGGRESSIVE;
				GCC_WARN_UNUSED_FUNCTION = YES;
				GCC_WARN_UNUSED_VARIABLE = YES;
				IPHONEOS_DEPLOYMENT_TARGET = 15.4;
				MTL_ENABLE_DEBUG_INFO = NO;
				MTL_FAST_MATH = YES;
				SDKROOT = iphoneos;
				SWIFT_COMPILATION_MODE = wholemodule;
				SWIFT_OPTIMIZATION_LEVEL = "-O";
				VALIDATE_PRODUCT = YES;
			};
			name = Release;
		};
		B2DF12DB280E10F7004BD555 /* Debug */ = {
			isa = XCBuildConfiguration;
			buildSettings = {
				ASSETCATALOG_COMPILER_APPICON_NAME = AppIcon;
				ASSETCATALOG_COMPILER_GLOBAL_ACCENT_COLOR_NAME = AccentColor;
				CODE_SIGN_STYLE = Automatic;
				CURRENT_PROJECT_VERSION = 1;
				DEVELOPMENT_ASSET_PATHS = "\"BLOO/Preview Content\"";
				DEVELOPMENT_TEAM = FG938MGJ6K;
				ENABLE_PREVIEWS = YES;
				GENERATE_INFOPLIST_FILE = YES;
				INFOPLIST_FILE = BLOO/Info.plist;
				INFOPLIST_KEY_UIApplicationSceneManifest_Generation = YES;
				INFOPLIST_KEY_UIApplicationSupportsIndirectInputEvents = YES;
				INFOPLIST_KEY_UISupportedInterfaceOrientations_iPad = "UIInterfaceOrientationPortrait UIInterfaceOrientationPortraitUpsideDown UIInterfaceOrientationLandscapeLeft UIInterfaceOrientationLandscapeRight";
				INFOPLIST_KEY_UISupportedInterfaceOrientations_iPhone = "UIInterfaceOrientationPortrait UIInterfaceOrientationLandscapeLeft UIInterfaceOrientationLandscapeRight";
				LD_RUNPATH_SEARCH_PATHS = (
					"$(inherited)",
					"@executable_path/Frameworks",
				);
				MARKETING_VERSION = 1.0;
				PRODUCT_BUNDLE_IDENTIFIER = com.CarolineUmila.BLOO;
				PRODUCT_NAME = "$(TARGET_NAME)";
				SWIFT_EMIT_LOC_STRINGS = YES;
				SWIFT_VERSION = 5.0;
				TARGETED_DEVICE_FAMILY = "1,2";
			};
			name = Debug;
		};
		B2DF12DC280E10F7004BD555 /* Release */ = {
			isa = XCBuildConfiguration;
			buildSettings = {
				ASSETCATALOG_COMPILER_APPICON_NAME = AppIcon;
				ASSETCATALOG_COMPILER_GLOBAL_ACCENT_COLOR_NAME = AccentColor;
				CODE_SIGN_STYLE = Automatic;
				CURRENT_PROJECT_VERSION = 1;
				DEVELOPMENT_ASSET_PATHS = "\"BLOO/Preview Content\"";
				DEVELOPMENT_TEAM = FG938MGJ6K;
				ENABLE_PREVIEWS = YES;
				GENERATE_INFOPLIST_FILE = YES;
				INFOPLIST_FILE = BLOO/Info.plist;
				INFOPLIST_KEY_UIApplicationSceneManifest_Generation = YES;
				INFOPLIST_KEY_UIApplicationSupportsIndirectInputEvents = YES;
				INFOPLIST_KEY_UISupportedInterfaceOrientations_iPad = "UIInterfaceOrientationPortrait UIInterfaceOrientationPortraitUpsideDown UIInterfaceOrientationLandscapeLeft UIInterfaceOrientationLandscapeRight";
				INFOPLIST_KEY_UISupportedInterfaceOrientations_iPhone = "UIInterfaceOrientationPortrait UIInterfaceOrientationLandscapeLeft UIInterfaceOrientationLandscapeRight";
				LD_RUNPATH_SEARCH_PATHS = (
					"$(inherited)",
					"@executable_path/Frameworks",
				);
				MARKETING_VERSION = 1.0;
				PRODUCT_BUNDLE_IDENTIFIER = com.CarolineUmila.BLOO;
				PRODUCT_NAME = "$(TARGET_NAME)";
				SWIFT_EMIT_LOC_STRINGS = YES;
				SWIFT_VERSION = 5.0;
				TARGETED_DEVICE_FAMILY = "1,2";
			};
			name = Release;
		};
		B2DF12DE280E10F7004BD555 /* Debug */ = {
			isa = XCBuildConfiguration;
			buildSettings = {
				ALWAYS_EMBED_SWIFT_STANDARD_LIBRARIES = YES;
				BUNDLE_LOADER = "$(TEST_HOST)";
				CODE_SIGN_STYLE = Automatic;
				CURRENT_PROJECT_VERSION = 1;
				DEVELOPMENT_TEAM = FG938MGJ6K;
				GENERATE_INFOPLIST_FILE = YES;
				IPHONEOS_DEPLOYMENT_TARGET = 15.4;
				MARKETING_VERSION = 1.0;
				PRODUCT_BUNDLE_IDENTIFIER = com.CarolineUmila.BLOOTests;
				PRODUCT_NAME = "$(TARGET_NAME)";
				SWIFT_EMIT_LOC_STRINGS = NO;
				SWIFT_VERSION = 5.0;
				TARGETED_DEVICE_FAMILY = "1,2";
				TEST_HOST = "$(BUILT_PRODUCTS_DIR)/BLOO.app/BLOO";
			};
			name = Debug;
		};
		B2DF12DF280E10F7004BD555 /* Release */ = {
			isa = XCBuildConfiguration;
			buildSettings = {
				ALWAYS_EMBED_SWIFT_STANDARD_LIBRARIES = YES;
				BUNDLE_LOADER = "$(TEST_HOST)";
				CODE_SIGN_STYLE = Automatic;
				CURRENT_PROJECT_VERSION = 1;
				DEVELOPMENT_TEAM = FG938MGJ6K;
				GENERATE_INFOPLIST_FILE = YES;
				IPHONEOS_DEPLOYMENT_TARGET = 15.4;
				MARKETING_VERSION = 1.0;
				PRODUCT_BUNDLE_IDENTIFIER = com.CarolineUmila.BLOOTests;
				PRODUCT_NAME = "$(TARGET_NAME)";
				SWIFT_EMIT_LOC_STRINGS = NO;
				SWIFT_VERSION = 5.0;
				TARGETED_DEVICE_FAMILY = "1,2";
				TEST_HOST = "$(BUILT_PRODUCTS_DIR)/BLOO.app/BLOO";
			};
			name = Release;
		};
		B2DF12E1280E10F7004BD555 /* Debug */ = {
			isa = XCBuildConfiguration;
			buildSettings = {
				ALWAYS_EMBED_SWIFT_STANDARD_LIBRARIES = YES;
				CODE_SIGN_STYLE = Automatic;
				CURRENT_PROJECT_VERSION = 1;
				DEVELOPMENT_TEAM = FG938MGJ6K;
				GENERATE_INFOPLIST_FILE = YES;
				MARKETING_VERSION = 1.0;
				PRODUCT_BUNDLE_IDENTIFIER = com.CarolineUmila.BLOOUITests;
				PRODUCT_NAME = "$(TARGET_NAME)";
				SWIFT_EMIT_LOC_STRINGS = NO;
				SWIFT_VERSION = 5.0;
				TARGETED_DEVICE_FAMILY = "1,2";
				TEST_TARGET_NAME = BLOO;
			};
			name = Debug;
		};
		B2DF12E2280E10F7004BD555 /* Release */ = {
			isa = XCBuildConfiguration;
			buildSettings = {
				ALWAYS_EMBED_SWIFT_STANDARD_LIBRARIES = YES;
				CODE_SIGN_STYLE = Automatic;
				CURRENT_PROJECT_VERSION = 1;
				DEVELOPMENT_TEAM = FG938MGJ6K;
				GENERATE_INFOPLIST_FILE = YES;
				MARKETING_VERSION = 1.0;
				PRODUCT_BUNDLE_IDENTIFIER = com.CarolineUmila.BLOOUITests;
				PRODUCT_NAME = "$(TARGET_NAME)";
				SWIFT_EMIT_LOC_STRINGS = NO;
				SWIFT_VERSION = 5.0;
				TARGETED_DEVICE_FAMILY = "1,2";
				TEST_TARGET_NAME = BLOO;
			};
			name = Release;
		};
/* End XCBuildConfiguration section */

/* Begin XCConfigurationList section */
		B2DF12B1280E10F5004BD555 /* Build configuration list for PBXProject "BLOO" */ = {
			isa = XCConfigurationList;
			buildConfigurations = (
				B2DF12D8280E10F7004BD555 /* Debug */,
				B2DF12D9280E10F7004BD555 /* Release */,
			);
			defaultConfigurationIsVisible = 0;
			defaultConfigurationName = Release;
		};
		B2DF12DA280E10F7004BD555 /* Build configuration list for PBXNativeTarget "BLOO" */ = {
			isa = XCConfigurationList;
			buildConfigurations = (
				B2DF12DB280E10F7004BD555 /* Debug */,
				B2DF12DC280E10F7004BD555 /* Release */,
			);
			defaultConfigurationIsVisible = 0;
			defaultConfigurationName = Release;
		};
		B2DF12DD280E10F7004BD555 /* Build configuration list for PBXNativeTarget "BLOOTests" */ = {
			isa = XCConfigurationList;
			buildConfigurations = (
				B2DF12DE280E10F7004BD555 /* Debug */,
				B2DF12DF280E10F7004BD555 /* Release */,
			);
			defaultConfigurationIsVisible = 0;
			defaultConfigurationName = Release;
		};
		B2DF12E0280E10F7004BD555 /* Build configuration list for PBXNativeTarget "BLOOUITests" */ = {
			isa = XCConfigurationList;
			buildConfigurations = (
				B2DF12E1280E10F7004BD555 /* Debug */,
				B2DF12E2280E10F7004BD555 /* Release */,
			);
			defaultConfigurationIsVisible = 0;
			defaultConfigurationName = Release;
		};
/* End XCConfigurationList section */
	};
	rootObject = B2DF12AE280E10F5004BD555 /* Project object */;
}
